{
  "name": "mlexercises",
  "version": "0.0.1",
  "lockfileVersion": 1,
  "requires": true,
  "dependencies": {
    "body-parser": {
      "version": "1.15.1",
      "resolved": "https://registry.npmjs.org/body-parser/-/body-parser-1.15.1.tgz",
      "integrity": "sha1-m87vBmm4+LlD8K2M5dlXFr10D9I=",
      "requires": {
        "bytes": "2.3.0",
        "content-type": "~1.0.1",
        "debug": "~2.2.0",
        "depd": "~1.1.0",
        "http-errors": "~1.4.0",
        "iconv-lite": "0.4.13",
        "on-finished": "~2.3.0",
        "qs": "6.1.0",
        "raw-body": "~2.1.6",
        "type-is": "~1.6.12"
      },
      "dependencies": {
        "bytes": {
          "version": "2.3.0",
          "resolved": "https://registry.npmjs.org/bytes/-/bytes-2.3.0.tgz",
          "integrity": "sha1-1baAoWW2IBc5rLYRVCqrwtjOsHA="
        },
        "content-type": {
          "version": "1.0.2",
          "resolved": "https://registry.npmjs.org/content-type/-/content-type-1.0.2.tgz",
          "integrity": "sha1-t9ETrueo3Se9IRM8TcJSnfFyHu0="
        },
        "depd": {
          "version": "1.1.0",
          "resolved": "https://registry.npmjs.org/depd/-/depd-1.1.0.tgz",
          "integrity": "sha1-4b2Cxqq2ztlluXuIsX7T5SjKGMM="
        },
        "http-errors": {
          "version": "1.4.0",
          "resolved": "https://registry.npmjs.org/http-errors/-/http-errors-1.4.0.tgz",
          "integrity": "sha1-bAJC3qaz33r9oVPHEImzHG6Cqr8=",
          "requires": {
            "inherits": "2.0.1",
            "statuses": ">= 1.2.1 < 2"
          },
          "dependencies": {
            "inherits": {
              "version": "2.0.1",
              "resolved": "https://registry.npmjs.org/inherits/-/inherits-2.0.1.tgz",
              "integrity": "sha1-sX0I0ya0Qj5Wjv9xn5GwscvfafE="
            },
            "statuses": {
              "version": "1.3.1",
              "resolved": "https://registry.npmjs.org/statuses/-/statuses-1.3.1.tgz",
              "integrity": "sha1-+vUbnrdKrvOzrPStX2Gr8ky3uT4="
            }
          }
        },
        "iconv-lite": {
          "version": "0.4.13",
          "resolved": "https://registry.npmjs.org/iconv-lite/-/iconv-lite-0.4.13.tgz",
          "integrity": "sha1-H4irpKsLFQjoMSrMOTRfNumS4vI="
        },
        "on-finished": {
          "version": "2.3.0",
          "resolved": "https://registry.npmjs.org/on-finished/-/on-finished-2.3.0.tgz",
          "integrity": "sha1-IPEzZIGwg811M3mSoWlxqi2QaUc=",
          "requires": {
            "ee-first": "1.1.1"
          },
          "dependencies": {
            "ee-first": {
              "version": "1.1.1",
              "resolved": "https://registry.npmjs.org/ee-first/-/ee-first-1.1.1.tgz",
              "integrity": "sha1-WQxhFWsK4vTwJVcyoViyZrxWsh0="
            }
          }
        },
        "qs": {
          "version": "6.1.0",
          "resolved": "https://registry.npmjs.org/qs/-/qs-6.1.0.tgz",
          "integrity": "sha1-7B0WJrJCeNmfD99FSeUk4k7O6yY="
        },
        "raw-body": {
          "version": "2.1.7",
          "resolved": "https://registry.npmjs.org/raw-body/-/raw-body-2.1.7.tgz",
          "integrity": "sha1-rf6s4uT7MJgFgBTQjActzFl1h3Q=",
          "requires": {
            "bytes": "2.4.0",
            "iconv-lite": "0.4.13",
            "unpipe": "1.0.0"
          },
          "dependencies": {
            "bytes": {
              "version": "2.4.0",
              "resolved": "https://registry.npmjs.org/bytes/-/bytes-2.4.0.tgz",
              "integrity": "sha1-fZcZb51br39pNeJZhVSe3SpsIzk="
            },
            "unpipe": {
              "version": "1.0.0",
              "resolved": "https://registry.npmjs.org/unpipe/-/unpipe-1.0.0.tgz",
              "integrity": "sha1-sr9O6FFKrmFltIF4KdIbLvSZBOw="
            }
          }
        },
        "type-is": {
          "version": "1.6.14",
          "resolved": "https://registry.npmjs.org/type-is/-/type-is-1.6.14.tgz",
          "integrity": "sha1-4hljnBfe0coHiQkt1UoDgmuBfLI=",
          "requires": {
            "media-typer": "0.3.0",
            "mime-types": "~2.1.13"
          },
          "dependencies": {
            "media-typer": {
              "version": "0.3.0",
              "resolved": "https://registry.npmjs.org/media-typer/-/media-typer-0.3.0.tgz",
              "integrity": "sha1-hxDXrwqmJvj/+hzgAWhUUmMlV0g="
            },
            "mime-types": {
              "version": "2.1.14",
              "resolved": "https://registry.npmjs.org/mime-types/-/mime-types-2.1.14.tgz",
              "integrity": "sha1-9+99l1g/yvO30oK2+LVnnaselO4=",
              "requires": {
                "mime-db": "~1.26.0"
              },
              "dependencies": {
                "mime-db": {
                  "version": "1.26.0",
                  "resolved": "https://registry.npmjs.org/mime-db/-/mime-db-1.26.0.tgz",
                  "integrity": "sha1-6v/NDk/Gk1z4E02iRuLmw1MFrf8="
                }
              }
            }
          }
        }
      }
    },
    "cookie-parser": {
      "version": "1.4.3",
      "resolved": "https://registry.npmjs.org/cookie-parser/-/cookie-parser-1.4.3.tgz",
      "integrity": "sha1-D+MfoZ0AC5X0qt8fU/3CuKIDuqU=",
      "requires": {
        "cookie": "0.3.1",
        "cookie-signature": "1.0.6"
      },
      "dependencies": {
        "cookie": {
          "version": "0.3.1",
          "resolved": "https://registry.npmjs.org/cookie/-/cookie-0.3.1.tgz",
          "integrity": "sha1-5+Ch+e9DtMi6klxcWpboBtFoc7s="
        },
        "cookie-signature": {
          "version": "1.0.6",
          "resolved": "https://registry.npmjs.org/cookie-signature/-/cookie-signature-1.0.6.tgz",
          "integrity": "sha1-4wOogrNCzD7oylE6eZmXNNqzriw="
        }
      }
    },
    "debug": {
      "version": "2.2.0",
      "resolved": "https://registry.npmjs.org/debug/-/debug-2.2.0.tgz",
      "integrity": "sha1-+HBX6ZWxofauaklgZkE3vFbwOdo=",
      "requires": {
        "ms": "0.7.1"
      },
      "dependencies": {
        "ms": {
          "version": "0.7.1",
          "resolved": "https://registry.npmjs.org/ms/-/ms-0.7.1.tgz",
          "integrity": "sha1-nNE8A62/8ltl7/3nzoZO6VIBcJg="
        }
      }
    },
    "ejs": {
      "version": "2.5.5",
      "resolved": "https://registry.npmjs.org/ejs/-/ejs-2.5.5.tgz",
      "integrity": "sha1-bvTpVOp9z1T2aq0v56pCGTLZ7Xc="
    },
    "express": {
      "version": "4.13.4",
      "resolved": "https://registry.npmjs.org/express/-/express-4.13.4.tgz",
      "integrity": "sha1-PAt288d1kMg0VzkGHsC9O6Bn7CQ=",
      "requires": {
        "accepts": "~1.2.12",
        "array-flatten": "1.1.1",
        "content-disposition": "0.5.1",
        "content-type": "~1.0.1",
        "cookie": "0.1.5",
        "cookie-signature": "1.0.6",
        "debug": "~2.2.0",
        "depd": "~1.1.0",
        "escape-html": "~1.0.3",
        "etag": "~1.7.0",
        "finalhandler": "0.4.1",
        "fresh": "0.3.0",
        "merge-descriptors": "1.0.1",
        "methods": "~1.1.2",
        "on-finished": "~2.3.0",
        "parseurl": "~1.3.1",
        "path-to-regexp": "0.1.7",
        "proxy-addr": "~1.0.10",
        "qs": "4.0.0",
        "range-parser": "~1.0.3",
        "send": "0.13.1",
        "serve-static": "~1.10.2",
        "type-is": "~1.6.6",
        "utils-merge": "1.0.0",
        "vary": "~1.0.1"
      },
      "dependencies": {
        "accepts": {
          "version": "1.2.13",
          "resolved": "https://registry.npmjs.org/accepts/-/accepts-1.2.13.tgz",
          "integrity": "sha1-5fHzkoxtlf2WVYw27D2dDeSm7Oo=",
          "requires": {
            "mime-types": "~2.1.6",
            "negotiator": "0.5.3"
          },
          "dependencies": {
            "mime-types": {
              "version": "2.1.14",
              "resolved": "https://registry.npmjs.org/mime-types/-/mime-types-2.1.14.tgz",
              "integrity": "sha1-9+99l1g/yvO30oK2+LVnnaselO4=",
              "requires": {
                "mime-db": "~1.26.0"
              },
              "dependencies": {
                "mime-db": {
                  "version": "1.26.0",
                  "resolved": "https://registry.npmjs.org/mime-db/-/mime-db-1.26.0.tgz",
                  "integrity": "sha1-6v/NDk/Gk1z4E02iRuLmw1MFrf8="
                }
              }
            },
            "negotiator": {
              "version": "0.5.3",
              "resolved": "https://registry.npmjs.org/negotiator/-/negotiator-0.5.3.tgz",
              "integrity": "sha1-Jp1cR2gQ7JLtvntsLygxY4T5p+g="
            }
          }
        },
        "array-flatten": {
          "version": "1.1.1",
          "resolved": "https://registry.npmjs.org/array-flatten/-/array-flatten-1.1.1.tgz",
          "integrity": "sha1-ml9pkFGx5wczKPKgCJaLZOopVdI="
        },
        "content-disposition": {
          "version": "0.5.1",
          "resolved": "https://registry.npmjs.org/content-disposition/-/content-disposition-0.5.1.tgz",
          "integrity": "sha1-h0dsamfI2qh+Muh2Ft+IO6f7Bxs="
        },
        "content-type": {
          "version": "1.0.2",
          "resolved": "https://registry.npmjs.org/content-type/-/content-type-1.0.2.tgz",
          "integrity": "sha1-t9ETrueo3Se9IRM8TcJSnfFyHu0="
        },
        "cookie": {
          "version": "0.1.5",
          "resolved": "https://registry.npmjs.org/cookie/-/cookie-0.1.5.tgz",
          "integrity": "sha1-armUiksa4hlSzSWIUwpHItQETXw="
        },
        "cookie-signature": {
          "version": "1.0.6",
          "resolved": "https://registry.npmjs.org/cookie-signature/-/cookie-signature-1.0.6.tgz",
          "integrity": "sha1-4wOogrNCzD7oylE6eZmXNNqzriw="
        },
        "depd": {
          "version": "1.1.0",
          "resolved": "https://registry.npmjs.org/depd/-/depd-1.1.0.tgz",
          "integrity": "sha1-4b2Cxqq2ztlluXuIsX7T5SjKGMM="
        },
        "escape-html": {
          "version": "1.0.3",
          "resolved": "https://registry.npmjs.org/escape-html/-/escape-html-1.0.3.tgz",
          "integrity": "sha1-Aljq5NPQwJdN4cFpGI7wBR0dGYg="
        },
        "etag": {
          "version": "1.7.0",
          "resolved": "https://registry.npmjs.org/etag/-/etag-1.7.0.tgz",
          "integrity": "sha1-A9MLX2fdbmMtKUXTDWZScxo01dg="
        },
        "finalhandler": {
          "version": "0.4.1",
          "resolved": "https://registry.npmjs.org/finalhandler/-/finalhandler-0.4.1.tgz",
          "integrity": "sha1-haF8bFmpRxfSYtYSMNSw6+PUoU0=",
          "requires": {
            "debug": "~2.2.0",
            "escape-html": "~1.0.3",
            "on-finished": "~2.3.0",
            "unpipe": "~1.0.0"
          },
          "dependencies": {
            "unpipe": {
              "version": "1.0.0",
              "resolved": "https://registry.npmjs.org/unpipe/-/unpipe-1.0.0.tgz",
              "integrity": "sha1-sr9O6FFKrmFltIF4KdIbLvSZBOw="
            }
          }
        },
        "fresh": {
          "version": "0.3.0",
          "resolved": "https://registry.npmjs.org/fresh/-/fresh-0.3.0.tgz",
          "integrity": "sha1-ZR+DjiJCTnVm3hYdg1jKoZn4PU8="
        },
        "merge-descriptors": {
          "version": "1.0.1",
          "resolved": "https://registry.npmjs.org/merge-descriptors/-/merge-descriptors-1.0.1.tgz",
          "integrity": "sha1-sAqqVW3YtEVoFQ7J0blT8/kMu2E="
        },
        "methods": {
          "version": "1.1.2",
          "resolved": "https://registry.npmjs.org/methods/-/methods-1.1.2.tgz",
          "integrity": "sha1-VSmk1nZUE07cxSZmVoNbD4Ua/O4="
        },
        "on-finished": {
          "version": "2.3.0",
          "resolved": "https://registry.npmjs.org/on-finished/-/on-finished-2.3.0.tgz",
          "integrity": "sha1-IPEzZIGwg811M3mSoWlxqi2QaUc=",
          "requires": {
            "ee-first": "1.1.1"
          },
          "dependencies": {
            "ee-first": {
              "version": "1.1.1",
              "resolved": "https://registry.npmjs.org/ee-first/-/ee-first-1.1.1.tgz",
              "integrity": "sha1-WQxhFWsK4vTwJVcyoViyZrxWsh0="
            }
          }
        },
        "parseurl": {
          "version": "1.3.1",
          "resolved": "https://registry.npmjs.org/parseurl/-/parseurl-1.3.1.tgz",
          "integrity": "sha1-yKuMkiO6NIiKpkopeyiFO+wY2lY="
        },
        "path-to-regexp": {
          "version": "0.1.7",
          "resolved": "https://registry.npmjs.org/path-to-regexp/-/path-to-regexp-0.1.7.tgz",
          "integrity": "sha1-32BBeABfUi8V60SQ5yR6G/qmf4w="
        },
        "proxy-addr": {
          "version": "1.0.10",
          "resolved": "https://registry.npmjs.org/proxy-addr/-/proxy-addr-1.0.10.tgz",
          "integrity": "sha1-DUCoL4Afw1VWfS7LZe/j8HfxIcU=",
          "requires": {
            "forwarded": "~0.1.0",
            "ipaddr.js": "1.0.5"
          },
          "dependencies": {
            "forwarded": {
              "version": "0.1.0",
              "resolved": "https://registry.npmjs.org/forwarded/-/forwarded-0.1.0.tgz",
              "integrity": "sha1-Ge+YdMSuHCl7zweP3mOgm2aoQ2M="
            },
            "ipaddr.js": {
              "version": "1.0.5",
              "resolved": "https://registry.npmjs.org/ipaddr.js/-/ipaddr.js-1.0.5.tgz",
              "integrity": "sha1-X6eM8wG4JceKvDBC2BJyMEnqI8c="
            }
          }
        },
        "qs": {
          "version": "4.0.0",
          "resolved": "https://registry.npmjs.org/qs/-/qs-4.0.0.tgz",
          "integrity": "sha1-wx2bdOwn33XlQ6hseHKO2NRiNgc="
        },
        "range-parser": {
          "version": "1.0.3",
          "resolved": "https://registry.npmjs.org/range-parser/-/range-parser-1.0.3.tgz",
          "integrity": "sha1-aHKCNTXGkuLCoBA4Jq/YLC4P8XU="
        },
        "send": {
          "version": "0.13.1",
          "resolved": "https://registry.npmjs.org/send/-/send-0.13.1.tgz",
          "integrity": "sha1-ow1fTILIqbrprQCh2bG9vm8Zntc=",
          "requires": {
            "debug": "~2.2.0",
            "depd": "~1.1.0",
            "destroy": "~1.0.4",
            "escape-html": "~1.0.3",
            "etag": "~1.7.0",
            "fresh": "0.3.0",
            "http-errors": "~1.3.1",
            "mime": "1.3.4",
            "ms": "0.7.1",
            "on-finished": "~2.3.0",
            "range-parser": "~1.0.3",
            "statuses": "~1.2.1"
          },
          "dependencies": {
            "destroy": {
              "version": "1.0.4",
              "resolved": "https://registry.npmjs.org/destroy/-/destroy-1.0.4.tgz",
              "integrity": "sha1-l4hXRCxEdJ5CBmE+N5RiBYJqvYA="
            },
            "http-errors": {
              "version": "1.3.1",
              "resolved": "https://registry.npmjs.org/http-errors/-/http-errors-1.3.1.tgz",
              "integrity": "sha1-GX4izevUGYWF6GlO9nhhl7ke2UI=",
              "requires": {
                "inherits": "~2.0.1",
                "statuses": "1"
              },
              "dependencies": {
                "inherits": {
                  "version": "2.0.3",
                  "resolved": "https://registry.npmjs.org/inherits/-/inherits-2.0.3.tgz",
                  "integrity": "sha1-Yzwsg+PaQqUC9SRmAiSA9CCCYd4="
                }
              }
            },
            "mime": {
              "version": "1.3.4",
              "resolved": "https://registry.npmjs.org/mime/-/mime-1.3.4.tgz",
              "integrity": "sha1-EV+eO2s9rylZmDyzjxSaLUDrXVM="
            },
            "ms": {
              "version": "0.7.1",
              "resolved": "https://registry.npmjs.org/ms/-/ms-0.7.1.tgz",
              "integrity": "sha1-nNE8A62/8ltl7/3nzoZO6VIBcJg="
            },
            "statuses": {
              "version": "1.2.1",
              "resolved": "https://registry.npmjs.org/statuses/-/statuses-1.2.1.tgz",
              "integrity": "sha1-3e1FzBglbVHtQK7BQkidXGECbSg="
            }
          }
        },
        "serve-static": {
          "version": "1.10.3",
          "resolved": "https://registry.npmjs.org/serve-static/-/serve-static-1.10.3.tgz",
          "integrity": "sha1-zlpuzTEB/tXsCYJ9rCKpwpv7BTU=",
          "requires": {
            "escape-html": "~1.0.3",
            "parseurl": "~1.3.1",
            "send": "0.13.2"
          },
          "dependencies": {
            "send": {
              "version": "0.13.2",
              "resolved": "https://registry.npmjs.org/send/-/send-0.13.2.tgz",
              "integrity": "sha1-dl52B8gFVFK7pvCwUllTUJhgNt4=",
              "requires": {
                "debug": "~2.2.0",
                "depd": "~1.1.0",
                "destroy": "~1.0.4",
                "escape-html": "~1.0.3",
                "etag": "~1.7.0",
                "fresh": "0.3.0",
                "http-errors": "~1.3.1",
                "mime": "1.3.4",
                "ms": "0.7.1",
                "on-finished": "~2.3.0",
                "range-parser": "~1.0.3",
                "statuses": "~1.2.1"
              },
              "dependencies": {
                "destroy": {
                  "version": "1.0.4",
                  "resolved": "https://registry.npmjs.org/destroy/-/destroy-1.0.4.tgz",
                  "integrity": "sha1-l4hXRCxEdJ5CBmE+N5RiBYJqvYA="
                },
                "http-errors": {
                  "version": "1.3.1",
                  "resolved": "https://registry.npmjs.org/http-errors/-/http-errors-1.3.1.tgz",
                  "integrity": "sha1-GX4izevUGYWF6GlO9nhhl7ke2UI=",
                  "requires": {
                    "inherits": "~2.0.1",
                    "statuses": "1"
                  },
                  "dependencies": {
                    "inherits": {
                      "version": "2.0.3",
                      "resolved": "https://registry.npmjs.org/inherits/-/inherits-2.0.3.tgz",
                      "integrity": "sha1-Yzwsg+PaQqUC9SRmAiSA9CCCYd4="
                    }
                  }
                },
                "mime": {
                  "version": "1.3.4",
                  "resolved": "https://registry.npmjs.org/mime/-/mime-1.3.4.tgz",
                  "integrity": "sha1-EV+eO2s9rylZmDyzjxSaLUDrXVM="
                },
                "ms": {
                  "version": "0.7.1",
                  "resolved": "https://registry.npmjs.org/ms/-/ms-0.7.1.tgz",
                  "integrity": "sha1-nNE8A62/8ltl7/3nzoZO6VIBcJg="
                },
                "statuses": {
                  "version": "1.2.1",
                  "resolved": "https://registry.npmjs.org/statuses/-/statuses-1.2.1.tgz",
                  "integrity": "sha1-3e1FzBglbVHtQK7BQkidXGECbSg="
                }
              }
            }
          }
        },
        "type-is": {
          "version": "1.6.14",
          "resolved": "https://registry.npmjs.org/type-is/-/type-is-1.6.14.tgz",
          "integrity": "sha1-4hljnBfe0coHiQkt1UoDgmuBfLI=",
          "requires": {
            "media-typer": "0.3.0",
            "mime-types": "~2.1.13"
          },
          "dependencies": {
            "media-typer": {
              "version": "0.3.0",
              "resolved": "https://registry.npmjs.org/media-typer/-/media-typer-0.3.0.tgz",
              "integrity": "sha1-hxDXrwqmJvj/+hzgAWhUUmMlV0g="
            },
            "mime-types": {
              "version": "2.1.14",
              "resolved": "https://registry.npmjs.org/mime-types/-/mime-types-2.1.14.tgz",
              "integrity": "sha1-9+99l1g/yvO30oK2+LVnnaselO4=",
              "requires": {
                "mime-db": "~1.26.0"
              },
              "dependencies": {
                "mime-db": {
                  "version": "1.26.0",
                  "resolved": "https://registry.npmjs.org/mime-db/-/mime-db-1.26.0.tgz",
                  "integrity": "sha1-6v/NDk/Gk1z4E02iRuLmw1MFrf8="
                }
              }
            }
          }
        },
        "utils-merge": {
          "version": "1.0.0",
          "resolved": "https://registry.npmjs.org/utils-merge/-/utils-merge-1.0.0.tgz",
          "integrity": "sha1-ApT7kiu5N1FTVBxPcJYjHyh8ivg="
        },
        "vary": {
          "version": "1.0.1",
          "resolved": "https://registry.npmjs.org/vary/-/vary-1.0.1.tgz",
          "integrity": "sha1-meSYFWaihhGN+yuBc1ffeZM3bRA="
        }
      }
    },
    "fsevents": {
      "version": "0.3.8",
      "resolved": "https://registry.npmjs.org/fsevents/-/fsevents-0.3.8.tgz",
      "integrity": "sha1-mZLxAyySXIKVVNDVmAHcoDE6U1Y=",
      "optional": true,
      "requires": {
        "nan": "^2.0.2"
      }
    },
    "mocha": {
      "version": "3.1.0",
      "resolved": "https://registry.npmjs.org/mocha/-/mocha-3.1.0.tgz",
      "integrity": "sha1-EvJW/qiF4WoeYnoXHWi+7w8tYYw=",
      "dev": true,
      "requires": {
        "browser-stdout": "1.3.0",
        "commander": "2.9.0",
        "debug": "2.2.0",
        "diff": "1.4.0",
        "escape-string-regexp": "1.0.5",
        "glob": "7.0.5",
        "growl": "1.9.2",
        "json3": "3.3.2",
        "lodash.create": "3.1.1",
        "mkdirp": "0.5.1",
        "supports-color": "3.1.2"
      },
      "dependencies": {
        "browser-stdout": {
          "version": "1.3.0",
          "resolved": "https://registry.npmjs.org/browser-stdout/-/browser-stdout-1.3.0.tgz",
          "integrity": "sha1-81HTKWnTL6XXpVZxVCY9korjvR8=",
          "dev": true
        },
        "commander": {
          "version": "2.9.0",
          "resolved": "https://registry.npmjs.org/commander/-/commander-2.9.0.tgz",
          "integrity": "sha1-nJkJQXbhIkDLItbFFGCYQA/g99Q=",
          "dev": true,
          "requires": {
            "graceful-readlink": ">= 1.0.0"
          },
          "dependencies": {
            "graceful-readlink": {
              "version": "1.0.1",
              "resolved": "https://registry.npmjs.org/graceful-readlink/-/graceful-readlink-1.0.1.tgz",
              "integrity": "sha1-TK+tdrxi8C+gObL5Tpo906ORpyU=",
              "dev": true
            }
          }
        },
        "diff": {
          "version": "1.4.0",
          "resolved": "https://registry.npmjs.org/diff/-/diff-1.4.0.tgz",
          "integrity": "sha1-fyjS657nsVqX79ic5j3P2qPMur8=",
          "dev": true
        },
        "escape-string-regexp": {
          "version": "1.0.5",
          "resolved": "https://registry.npmjs.org/escape-string-regexp/-/escape-string-regexp-1.0.5.tgz",
          "integrity": "sha1-G2HAViGQqN/2rjuyzwIAyhMLhtQ=",
          "dev": true
        },
        "glob": {
          "version": "7.0.5",
          "resolved": "https://registry.npmjs.org/glob/-/glob-7.0.5.tgz",
          "integrity": "sha1-tCAqaQmbu00pKnwblbZoK2fr3JU=",
          "dev": true,
          "requires": {
            "fs.realpath": "^1.0.0",
            "inflight": "^1.0.4",
            "inherits": "2",
            "minimatch": "^3.0.2",
            "once": "^1.3.0",
            "path-is-absolute": "^1.0.0"
          },
          "dependencies": {
            "fs.realpath": {
              "version": "1.0.0",
              "resolved": "https://registry.npmjs.org/fs.realpath/-/fs.realpath-1.0.0.tgz",
              "integrity": "sha1-FQStJSMVjKpA20onh8sBQRmU6k8=",
              "dev": true
            },
            "inflight": {
              "version": "1.0.6",
              "resolved": "https://registry.npmjs.org/inflight/-/inflight-1.0.6.tgz",
              "integrity": "sha1-Sb1jMdfQLQwJvJEKEHW6gWW1bfk=",
              "dev": true,
              "requires": {
                "once": "^1.3.0",
                "wrappy": "1"
              },
              "dependencies": {
                "wrappy": {
                  "version": "1.0.2",
                  "resolved": "https://registry.npmjs.org/wrappy/-/wrappy-1.0.2.tgz",
                  "integrity": "sha1-tSQ9jz7BqjXxNkYFvA0QNuMKtp8=",
                  "dev": true
                }
              }
            },
            "inherits": {
              "version": "2.0.3",
              "resolved": "https://registry.npmjs.org/inherits/-/inherits-2.0.3.tgz",
              "integrity": "sha1-Yzwsg+PaQqUC9SRmAiSA9CCCYd4=",
              "dev": true
            },
            "minimatch": {
              "version": "3.0.3",
              "resolved": "https://registry.npmjs.org/minimatch/-/minimatch-3.0.3.tgz",
              "integrity": "sha1-Kk5AkLlrLbBqnX3wEFWmKnfJt3Q=",
              "dev": true,
              "requires": {
                "brace-expansion": "^1.0.0"
              },
              "dependencies": {
                "brace-expansion": {
                  "version": "1.1.6",
                  "resolved": "https://registry.npmjs.org/brace-expansion/-/brace-expansion-1.1.6.tgz",
                  "integrity": "sha1-cZfX6qm4fmSDkOph/GbIRCdCDfk=",
                  "dev": true,
                  "requires": {
                    "balanced-match": "^0.4.1",
                    "concat-map": "0.0.1"
                  },
                  "dependencies": {
                    "balanced-match": {
                      "version": "0.4.2",
                      "resolved": "https://registry.npmjs.org/balanced-match/-/balanced-match-0.4.2.tgz",
                      "integrity": "sha1-yz8+PHMtwPAe5wtAPzAuYddwmDg=",
                      "dev": true
                    },
                    "concat-map": {
                      "version": "0.0.1",
                      "resolved": "https://registry.npmjs.org/concat-map/-/concat-map-0.0.1.tgz",
                      "integrity": "sha1-2Klr13/Wjfd5OnMDajug1UBdR3s=",
                      "dev": true
                    }
                  }
                }
              }
            },
            "once": {
              "version": "1.4.0",
              "resolved": "https://registry.npmjs.org/once/-/once-1.4.0.tgz",
              "integrity": "sha1-WDsap3WWHUsROsF9nFC6753Xa9E=",
              "dev": true,
              "requires": {
                "wrappy": "1"
              },
              "dependencies": {
                "wrappy": {
                  "version": "1.0.2",
                  "resolved": "https://registry.npmjs.org/wrappy/-/wrappy-1.0.2.tgz",
                  "integrity": "sha1-tSQ9jz7BqjXxNkYFvA0QNuMKtp8=",
                  "dev": true
                }
              }
            },
            "path-is-absolute": {
              "version": "1.0.1",
              "resolved": "https://registry.npmjs.org/path-is-absolute/-/path-is-absolute-1.0.1.tgz",
              "integrity": "sha1-F0uSaHNVNP+8es5r9TpanhtcX18=",
              "dev": true
            }
          }
        },
        "growl": {
          "version": "1.9.2",
          "resolved": "https://registry.npmjs.org/growl/-/growl-1.9.2.tgz",
          "integrity": "sha1-Dqd0NxXbjY3ixe3hd14bRayFwC8=",
          "dev": true
        },
        "json3": {
          "version": "3.3.2",
          "resolved": "https://registry.npmjs.org/json3/-/json3-3.3.2.tgz",
          "integrity": "sha1-PAQ0dD35Pi9cQq7nsZvLSDV19OE=",
          "dev": true
        },
        "lodash.create": {
          "version": "3.1.1",
          "resolved": "https://registry.npmjs.org/lodash.create/-/lodash.create-3.1.1.tgz",
          "integrity": "sha1-1/KEnw29p+BGgruM1yqwIkYd6+c=",
          "dev": true,
          "requires": {
            "lodash._baseassign": "^3.0.0",
            "lodash._basecreate": "^3.0.0",
            "lodash._isiterateecall": "^3.0.0"
          },
          "dependencies": {
            "lodash._baseassign": {
              "version": "3.2.0",
              "resolved": "https://registry.npmjs.org/lodash._baseassign/-/lodash._baseassign-3.2.0.tgz",
              "integrity": "sha1-jDigmVAPIVrQnlnxci/QxSv+Ck4=",
              "dev": true,
              "requires": {
                "lodash._basecopy": "^3.0.0",
                "lodash.keys": "^3.0.0"
              },
              "dependencies": {
                "lodash._basecopy": {
                  "version": "3.0.1",
                  "resolved": "https://registry.npmjs.org/lodash._basecopy/-/lodash._basecopy-3.0.1.tgz",
                  "integrity": "sha1-jaDmqHbPNEwK2KVIghEd08XHyjY=",
                  "dev": true
                },
                "lodash.keys": {
                  "version": "3.1.2",
                  "resolved": "https://registry.npmjs.org/lodash.keys/-/lodash.keys-3.1.2.tgz",
                  "integrity": "sha1-TbwEcrFWvlCgsoaFXRvQsMZWCYo=",
                  "dev": true,
                  "requires": {
                    "lodash._getnative": "^3.0.0",
                    "lodash.isarguments": "^3.0.0",
                    "lodash.isarray": "^3.0.0"
                  },
                  "dependencies": {
                    "lodash._getnative": {
                      "version": "3.9.1",
                      "resolved": "https://registry.npmjs.org/lodash._getnative/-/lodash._getnative-3.9.1.tgz",
                      "integrity": "sha1-VwvH3t5G1hzc3mh9ZdPuy6o6r/U=",
                      "dev": true
                    },
                    "lodash.isarguments": {
                      "version": "3.1.0",
                      "resolved": "https://registry.npmjs.org/lodash.isarguments/-/lodash.isarguments-3.1.0.tgz",
                      "integrity": "sha1-L1c9hcaiQon/AGY7SRwdM4/zRYo=",
                      "dev": true
                    },
                    "lodash.isarray": {
                      "version": "3.0.4",
                      "resolved": "https://registry.npmjs.org/lodash.isarray/-/lodash.isarray-3.0.4.tgz",
                      "integrity": "sha1-eeTriMNqgSKvhvhEqpvNhRtfu1U=",
                      "dev": true
                    }
                  }
                }
              }
            },
            "lodash._basecreate": {
              "version": "3.0.3",
              "resolved": "https://registry.npmjs.org/lodash._basecreate/-/lodash._basecreate-3.0.3.tgz",
              "integrity": "sha1-G8ZhYU2qf8MRt9A78WgGoCE8+CE=",
              "dev": true
            },
            "lodash._isiterateecall": {
              "version": "3.0.9",
              "resolved": "https://registry.npmjs.org/lodash._isiterateecall/-/lodash._isiterateecall-3.0.9.tgz",
              "integrity": "sha1-UgOte6Ql+uhCRg5pbbnPPmqsBXw=",
              "dev": true
            }
          }
        },
        "mkdirp": {
          "version": "0.5.1",
          "resolved": "https://registry.npmjs.org/mkdirp/-/mkdirp-0.5.1.tgz",
          "integrity": "sha1-MAV0OOrGz3+MR2fzhkjWaX11yQM=",
          "dev": true,
          "requires": {
            "minimist": "0.0.8"
          },
          "dependencies": {
            "minimist": {
              "version": "0.0.8",
              "resolved": "https://registry.npmjs.org/minimist/-/minimist-0.0.8.tgz",
              "integrity": "sha1-hX/Kv8M5fSYluCKCYuhqp6ARsF0=",
              "dev": true
            }
          }
        },
        "supports-color": {
          "version": "3.1.2",
          "resolved": "https://registry.npmjs.org/supports-color/-/supports-color-3.1.2.tgz",
          "integrity": "sha1-cqJiiU2dQIuVbKBf83su2KbiotU=",
          "dev": true,
          "requires": {
            "has-flag": "^1.0.0"
          },
          "dependencies": {
            "has-flag": {
              "version": "1.0.0",
              "resolved": "https://registry.npmjs.org/has-flag/-/has-flag-1.0.0.tgz",
              "integrity": "sha1-nZ55MWXOAXoA8AQYxD+UKnsdEfo=",
              "dev": true
            }
          }
        }
      }
    },
    "morgan": {
      "version": "1.7.0",
      "resolved": "https://registry.npmjs.org/morgan/-/morgan-1.7.0.tgz",
      "integrity": "sha1-6xDKjlDRq+D409rVwCAdBS2YHGI=",
      "requires": {
        "basic-auth": "~1.0.3",
        "debug": "~2.2.0",
        "depd": "~1.1.0",
        "on-finished": "~2.3.0",
        "on-headers": "~1.0.1"
      },
      "dependencies": {
        "basic-auth": {
          "version": "1.0.4",
          "resolved": "https://registry.npmjs.org/basic-auth/-/basic-auth-1.0.4.tgz",
          "integrity": "sha1-Awk1sB3nyblKgksp8/zLdQ06UpA="
        },
        "depd": {
          "version": "1.1.0",
          "resolved": "https://registry.npmjs.org/depd/-/depd-1.1.0.tgz",
          "integrity": "sha1-4b2Cxqq2ztlluXuIsX7T5SjKGMM="
        },
        "on-finished": {
          "version": "2.3.0",
          "resolved": "https://registry.npmjs.org/on-finished/-/on-finished-2.3.0.tgz",
          "integrity": "sha1-IPEzZIGwg811M3mSoWlxqi2QaUc=",
          "requires": {
            "ee-first": "1.1.1"
          },
          "dependencies": {
            "ee-first": {
              "version": "1.1.1",
              "resolved": "https://registry.npmjs.org/ee-first/-/ee-first-1.1.1.tgz",
              "integrity": "sha1-WQxhFWsK4vTwJVcyoViyZrxWsh0="
            }
          }
        },
        "on-headers": {
          "version": "1.0.1",
          "resolved": "https://registry.npmjs.org/on-headers/-/on-headers-1.0.1.tgz",
          "integrity": "sha1-ko9dD0cNSTQmUepnlLCFfBAGk/c="
        }
      }
    },
    "nan": {
      "version": "2.13.2",
      "resolved": "https://registry.npmjs.org/nan/-/nan-2.13.2.tgz",
      "integrity": "sha512-TghvYc72wlMGMVMluVo9WRJc0mB8KxxF/gZ4YYFy7V2ZQX9l7rgbPg7vjS9mt6U5HXODVFVI2bOduCzwOMv/lw==",
      "optional": true
    },
    "nunjucks": {
      "version": "1.3.4",
      "resolved": "https://registry.npmjs.org/nunjucks/-/nunjucks-1.3.4.tgz",
      "integrity": "sha1-Td0QqDZLGmTT49fSqNQ2gTHTkEI=",
      "requires": {
        "chokidar": "~0.12.5",
        "optimist": "*"
      },
      "dependencies": {
        "chokidar": {
          "version": "0.12.6",
          "resolved": "https://registry.npmjs.org/chokidar/-/chokidar-0.12.6.tgz",
          "integrity": "sha1-viBPW5Y04AkxElbl1ujg5QgoTS8=",
          "requires": {
            "async-each": "~0.1.5",
            "fsevents": "~0.3.1",
            "readdirp": "~1.3.0"
          },
          "dependencies": {
            "async-each": {
              "version": "0.1.6",
              "resolved": "https://registry.npmjs.org/async-each/-/async-each-0.1.6.tgz",
              "integrity": "sha1-tn6Z7c3fllQeRK9WKQzX1cbnBDk="
            },
            "readdirp": {
              "version": "1.3.0",
              "resolved": "https://registry.npmjs.org/readdirp/-/readdirp-1.3.0.tgz",
              "integrity": "sha1-6vGptGO+moGQ/JrhY6oayTSqNAs=",
              "requires": {
                "graceful-fs": "~2.0.0",
                "minimatch": "~0.2.12",
                "readable-stream": "~1.0.26-2"
              },
              "dependencies": {
                "graceful-fs": {
                  "version": "2.0.3",
                  "resolved": "https://registry.npmjs.org/graceful-fs/-/graceful-fs-2.0.3.tgz",
                  "integrity": "sha1-fNLNsiiko/Nule+mzBQt59GhNtA="
                },
                "minimatch": {
                  "version": "0.2.14",
                  "resolved": "https://registry.npmjs.org/minimatch/-/minimatch-0.2.14.tgz",
                  "integrity": "sha1-x054BXT2PG+aCQ6Q775u9TpqdWo=",
                  "requires": {
                    "lru-cache": "2",
                    "sigmund": "~1.0.0"
                  },
                  "dependencies": {
                    "lru-cache": {
                      "version": "2.7.3",
                      "resolved": "https://registry.npmjs.org/lru-cache/-/lru-cache-2.7.3.tgz",
                      "integrity": "sha1-bUUk6LlV+V1PW1iFHOId1y+06VI="
                    },
                    "sigmund": {
                      "version": "1.0.1",
                      "resolved": "https://registry.npmjs.org/sigmund/-/sigmund-1.0.1.tgz",
                      "integrity": "sha1-P/IfGYytIXX587eBhT/ZTQ0ZtZA="
                    }
                  }
                },
                "readable-stream": {
                  "version": "1.0.34",
                  "resolved": "https://registry.npmjs.org/readable-stream/-/readable-stream-1.0.34.tgz",
                  "integrity": "sha1-Elgg40vIQtLyqq+v5MKRbuMsFXw=",
                  "requires": {
                    "core-util-is": "~1.0.0",
                    "inherits": "~2.0.1",
                    "isarray": "0.0.1",
                    "string_decoder": "~0.10.x"
                  },
                  "dependencies": {
                    "core-util-is": {
                      "version": "1.0.2",
                      "resolved": "https://registry.npmjs.org/core-util-is/-/core-util-is-1.0.2.tgz",
                      "integrity": "sha1-tf1UIgqivFq1eqtxQMlAdUUDwac="
                    },
                    "inherits": {
                      "version": "2.0.3",
                      "resolved": "https://registry.npmjs.org/inherits/-/inherits-2.0.3.tgz",
                      "integrity": "sha1-Yzwsg+PaQqUC9SRmAiSA9CCCYd4="
                    },
                    "isarray": {
                      "version": "0.0.1",
                      "resolved": "https://registry.npmjs.org/isarray/-/isarray-0.0.1.tgz",
                      "integrity": "sha1-ihis/Kmo9Bd+Cav8YDiTmwXR7t8="
                    },
                    "string_decoder": {
                      "version": "0.10.31",
                      "resolved": "https://registry.npmjs.org/string_decoder/-/string_decoder-0.10.31.tgz",
                      "integrity": "sha1-YuIDvEF2bGwoyfyEMB2rHFMQ+pQ="
                    }
                  }
                }
              }
            }
          }
        },
        "optimist": {
          "version": "0.6.1",
          "resolved": "https://registry.npmjs.org/optimist/-/optimist-0.6.1.tgz",
          "integrity": "sha1-2j6nRob6IaGaERwybpDrFaAZZoY=",
          "requires": {
            "minimist": "~0.0.1",
            "wordwrap": "~0.0.2"
          },
          "dependencies": {
            "minimist": {
              "version": "0.0.10",
              "resolved": "https://registry.npmjs.org/minimist/-/minimist-0.0.10.tgz",
              "integrity": "sha1-3j+YVD2/lggr5IrRoMfNqDYwHc8="
            },
            "wordwrap": {
              "version": "0.0.3",
              "resolved": "https://registry.npmjs.org/wordwrap/-/wordwrap-0.0.3.tgz",
              "integrity": "sha1-o9XabNXAvAAI03I0u68b7WMFkQc="
            }
          }
        }
      }
    },
    "serve-favicon": {
      "version": "2.3.0",
      "resolved": "https://registry.npmjs.org/serve-favicon/-/serve-favicon-2.3.0.tgz",
      "integrity": "sha1-rtNsxoNAaabxicxyIsahqBHcWzk=",
      "requires": {
        "etag": "~1.7.0",
        "fresh": "0.3.0",
        "ms": "0.7.1",
        "parseurl": "~1.3.0"
      },
      "dependencies": {
        "etag": {
          "version": "1.7.0",
          "resolved": "https://registry.npmjs.org/etag/-/etag-1.7.0.tgz",
          "integrity": "sha1-A9MLX2fdbmMtKUXTDWZScxo01dg="
        },
        "fresh": {
          "version": "0.3.0",
          "resolved": "https://registry.npmjs.org/fresh/-/fresh-0.3.0.tgz",
          "integrity": "sha1-ZR+DjiJCTnVm3hYdg1jKoZn4PU8="
        },
        "ms": {
          "version": "0.7.1",
          "resolved": "https://registry.npmjs.org/ms/-/ms-0.7.1.tgz",
          "integrity": "sha1-nNE8A62/8ltl7/3nzoZO6VIBcJg="
        },
        "parseurl": {
          "version": "1.3.1",
          "resolved": "https://registry.npmjs.org/parseurl/-/parseurl-1.3.1.tgz",
          "integrity": "sha1-yKuMkiO6NIiKpkopeyiFO+wY2lY="
        }
      }
    },
    "stylus": {
      "version": "0.54.5",
      "resolved": "https://registry.npmjs.org/stylus/-/stylus-0.54.5.tgz",
      "integrity": "sha1-QrlWCTHKcJDOhRWnmLqeaqPW3Hk=",
      "requires": {
        "css-parse": "1.7.x",
        "debug": "*",
        "glob": "7.0.x",
        "mkdirp": "0.5.x",
        "sax": "0.5.x",
        "source-map": "0.1.x"
      },
      "dependencies": {
        "css-parse": {
          "version": "1.7.0",
          "resolved": "https://registry.npmjs.org/css-parse/-/css-parse-1.7.0.tgz",
          "integrity": "sha1-Mh9s9zeCpv91ERE5D8BeLGV9jJs="
        },
        "glob": {
          "version": "7.0.6",
          "resolved": "https://registry.npmjs.org/glob/-/glob-7.0.6.tgz",
          "integrity": "sha1-IRuvr0nlJbjNkyYNFKsTYVKz9Xo=",
          "requires": {
            "fs.realpath": "^1.0.0",
            "inflight": "^1.0.4",
            "inherits": "2",
            "minimatch": "^3.0.2",
            "once": "^1.3.0",
            "path-is-absolute": "^1.0.0"
          },
          "dependencies": {
            "fs.realpath": {
              "version": "1.0.0",
              "resolved": "https://registry.npmjs.org/fs.realpath/-/fs.realpath-1.0.0.tgz",
              "integrity": "sha1-FQStJSMVjKpA20onh8sBQRmU6k8="
            },
            "inflight": {
              "version": "1.0.6",
              "resolved": "https://registry.npmjs.org/inflight/-/inflight-1.0.6.tgz",
              "integrity": "sha1-Sb1jMdfQLQwJvJEKEHW6gWW1bfk=",
              "requires": {
                "once": "^1.3.0",
                "wrappy": "1"
              },
              "dependencies": {
                "wrappy": {
                  "version": "1.0.2",
                  "resolved": "https://registry.npmjs.org/wrappy/-/wrappy-1.0.2.tgz",
                  "integrity": "sha1-tSQ9jz7BqjXxNkYFvA0QNuMKtp8="
                }
              }
            },
            "inherits": {
              "version": "2.0.3",
              "resolved": "https://registry.npmjs.org/inherits/-/inherits-2.0.3.tgz",
              "integrity": "sha1-Yzwsg+PaQqUC9SRmAiSA9CCCYd4="
            },
            "minimatch": {
              "version": "3.0.3",
              "resolved": "https://registry.npmjs.org/minimatch/-/minimatch-3.0.3.tgz",
              "integrity": "sha1-Kk5AkLlrLbBqnX3wEFWmKnfJt3Q=",
              "requires": {
                "brace-expansion": "^1.0.0"
              },
              "dependencies": {
                "brace-expansion": {
                  "version": "1.1.6",
                  "resolved": "https://registry.npmjs.org/brace-expansion/-/brace-expansion-1.1.6.tgz",
                  "integrity": "sha1-cZfX6qm4fmSDkOph/GbIRCdCDfk=",
                  "requires": {
                    "balanced-match": "^0.4.1",
                    "concat-map": "0.0.1"
                  },
                  "dependencies": {
                    "balanced-match": {
                      "version": "0.4.2",
                      "resolved": "https://registry.npmjs.org/balanced-match/-/balanced-match-0.4.2.tgz",
                      "integrity": "sha1-yz8+PHMtwPAe5wtAPzAuYddwmDg="
                    },
                    "concat-map": {
                      "version": "0.0.1",
                      "resolved": "https://registry.npmjs.org/concat-map/-/concat-map-0.0.1.tgz",
                      "integrity": "sha1-2Klr13/Wjfd5OnMDajug1UBdR3s="
                    }
                  }
                }
              }
            },
            "once": {
              "version": "1.4.0",
              "resolved": "https://registry.npmjs.org/once/-/once-1.4.0.tgz",
              "integrity": "sha1-WDsap3WWHUsROsF9nFC6753Xa9E=",
              "requires": {
                "wrappy": "1"
              },
              "dependencies": {
                "wrappy": {
                  "version": "1.0.2",
                  "resolved": "https://registry.npmjs.org/wrappy/-/wrappy-1.0.2.tgz",
                  "integrity": "sha1-tSQ9jz7BqjXxNkYFvA0QNuMKtp8="
                }
              }
            },
            "path-is-absolute": {
              "version": "1.0.1",
              "resolved": "https://registry.npmjs.org/path-is-absolute/-/path-is-absolute-1.0.1.tgz",
              "integrity": "sha1-F0uSaHNVNP+8es5r9TpanhtcX18="
            }
          }
        },
        "mkdirp": {
          "version": "0.5.1",
          "resolved": "https://registry.npmjs.org/mkdirp/-/mkdirp-0.5.1.tgz",
          "integrity": "sha1-MAV0OOrGz3+MR2fzhkjWaX11yQM=",
          "requires": {
            "minimist": "0.0.8"
          },
          "dependencies": {
            "minimist": {
              "version": "0.0.8",
              "resolved": "https://registry.npmjs.org/minimist/-/minimist-0.0.8.tgz",
              "integrity": "sha1-hX/Kv8M5fSYluCKCYuhqp6ARsF0="
            }
          }
        },
        "sax": {
          "version": "0.5.8",
          "resolved": "https://registry.npmjs.org/sax/-/sax-0.5.8.tgz",
          "integrity": "sha1-1HLbIo6zMcJQaw6MFVJK25OdEsE="
        },
        "source-map": {
          "version": "0.1.43",
          "resolved": "https://registry.npmjs.org/source-map/-/source-map-0.1.43.tgz",
          "integrity": "sha1-wkvBRspRfBRx9drL4lcbK3+eM0Y=",
          "requires": {
            "amdefine": ">=0.0.4"
          },
          "dependencies": {
            "amdefine": {
              "version": "1.0.1",
              "resolved": "https://registry.npmjs.org/amdefine/-/amdefine-1.0.1.tgz",
              "integrity": "sha1-SlKCrBZHKek2Gbz9OtFR+BfOkfU="
            }
          }
        }
      }
    }
  }
}
